
Microsoft Visual Studio Solution File, Format Version 12.00
# Visual Studio Version 16
VisualStudioVersion = 16.0.31019.35
MinimumVisualStudioVersion = 10.0.40219.1
Project("{FAE04EC0-301F-11D3-BF4B-00C04F79EFBC}") = "4", "4.csproj", "{4AC4856D-5705-4E76-AA32-421DB29631EF}"
EndProject
Global
	GlobalSection(SolutionConfigurationPlatforms) = preSolution
		Debug|Any CPU = Debug|Any CPU
		Release|Any CPU = Release|Any CPU
	EndGlobalSection
	GlobalSection(ProjectConfigurationPlatforms) = postSolution
		{4AC4856D-5705-4E76-AA32-421DB29631EF}.Debug|Any CPU.ActiveCfg = Debug|Any CPU
		{4AC4856D-5705-4E76-AA32-421DB29631EF}.Debug|Any CPU.Build.0 = Debug|Any CPU
		{4AC4856D-5705-4E76-AA32-421DB29631EF}.Release|Any CPU.ActiveCfg = Release|Any CPU
		{4AC4856D-5705-4E76-AA32-421DB29631EF}.Release|Any CPU.Build.0 = Release|Any CPU
	EndGlobalSection
	GlobalSection(SolutionProperties) = preSolution
		HideSolutionNode = FALSE
	EndGlobalSection
	GlobalSection(ExtensibilityGlobals) = postSolution
		SolutionGuid = {E4B7D83B-FC14-474E-BE8B-35783E017E24}
	EndGlobalSection
EndGlobal
