
Microsoft Visual Studio Solution File, Format Version 12.00
# Visual Studio Version 16
VisualStudioVersion = 16.0.31112.23
MinimumVisualStudioVersion = 10.0.40219.1
Project("{FAE04EC0-301F-11D3-BF4B-00C04F79EFBC}") = "parcial2", "parcial2.csproj", "{C3C512B4-D7B6-48A9-9B97-8084A000E0E3}"
EndProject
Global
	GlobalSection(SolutionConfigurationPlatforms) = preSolution
		Debug|Any CPU = Debug|Any CPU
		Release|Any CPU = Release|Any CPU
	EndGlobalSection
	GlobalSection(ProjectConfigurationPlatforms) = postSolution
		{C3C512B4-D7B6-48A9-9B97-8084A000E0E3}.Debug|Any CPU.ActiveCfg = Debug|Any CPU
		{C3C512B4-D7B6-48A9-9B97-8084A000E0E3}.Debug|Any CPU.Build.0 = Debug|Any CPU
		{C3C512B4-D7B6-48A9-9B97-8084A000E0E3}.Release|Any CPU.ActiveCfg = Release|Any CPU
		{C3C512B4-D7B6-48A9-9B97-8084A000E0E3}.Release|Any CPU.Build.0 = Release|Any CPU
	EndGlobalSection
	GlobalSection(SolutionProperties) = preSolution
		HideSolutionNode = FALSE
	EndGlobalSection
	GlobalSection(ExtensibilityGlobals) = postSolution
		SolutionGuid = {A7EDB110-03DB-4090-9C2B-DF4BB2382EA7}
	EndGlobalSection
EndGlobal
