
Microsoft Visual Studio Solution File, Format Version 12.00
# Visual Studio Version 16
VisualStudioVersion = 16.0.30907.101
MinimumVisualStudioVersion = 10.0.40219.1
Project("{FAE04EC0-301F-11D3-BF4B-00C04F79EFBC}") = "4", "4.csproj", "{62B99819-3B15-4931-AEC7-8AA47B0C8B65}"
EndProject
Global
	GlobalSection(SolutionConfigurationPlatforms) = preSolution
		Debug|Any CPU = Debug|Any CPU
		Release|Any CPU = Release|Any CPU
	EndGlobalSection
	GlobalSection(ProjectConfigurationPlatforms) = postSolution
		{62B99819-3B15-4931-AEC7-8AA47B0C8B65}.Debug|Any CPU.ActiveCfg = Debug|Any CPU
		{62B99819-3B15-4931-AEC7-8AA47B0C8B65}.Debug|Any CPU.Build.0 = Debug|Any CPU
		{62B99819-3B15-4931-AEC7-8AA47B0C8B65}.Release|Any CPU.ActiveCfg = Release|Any CPU
		{62B99819-3B15-4931-AEC7-8AA47B0C8B65}.Release|Any CPU.Build.0 = Release|Any CPU
	EndGlobalSection
	GlobalSection(SolutionProperties) = preSolution
		HideSolutionNode = FALSE
	EndGlobalSection
	GlobalSection(ExtensibilityGlobals) = postSolution
		SolutionGuid = {2FB0A92A-3BE1-45C3-ADE3-349CBD59B233}
	EndGlobalSection
EndGlobal
