
Microsoft Visual Studio Solution File, Format Version 12.00
# Visual Studio Version 16
VisualStudioVersion = 16.0.31019.35
MinimumVisualStudioVersion = 10.0.40219.1
Project("{FAE04EC0-301F-11D3-BF4B-00C04F79EFBC}") = "5", "5.csproj", "{8272A034-E8A2-48DB-BBDC-B0ECA3E29705}"
EndProject
Global
	GlobalSection(SolutionConfigurationPlatforms) = preSolution
		Debug|Any CPU = Debug|Any CPU
		Release|Any CPU = Release|Any CPU
	EndGlobalSection
	GlobalSection(ProjectConfigurationPlatforms) = postSolution
		{8272A034-E8A2-48DB-BBDC-B0ECA3E29705}.Debug|Any CPU.ActiveCfg = Debug|Any CPU
		{8272A034-E8A2-48DB-BBDC-B0ECA3E29705}.Debug|Any CPU.Build.0 = Debug|Any CPU
		{8272A034-E8A2-48DB-BBDC-B0ECA3E29705}.Release|Any CPU.ActiveCfg = Release|Any CPU
		{8272A034-E8A2-48DB-BBDC-B0ECA3E29705}.Release|Any CPU.Build.0 = Release|Any CPU
	EndGlobalSection
	GlobalSection(SolutionProperties) = preSolution
		HideSolutionNode = FALSE
	EndGlobalSection
	GlobalSection(ExtensibilityGlobals) = postSolution
		SolutionGuid = {2E786414-49D2-46B6-9916-0460740D86E5}
	EndGlobalSection
EndGlobal
