
Microsoft Visual Studio Solution File, Format Version 12.00
# Visual Studio Version 16
VisualStudioVersion = 16.0.31019.35
MinimumVisualStudioVersion = 10.0.40219.1
Project("{FAE04EC0-301F-11D3-BF4B-00C04F79EFBC}") = "Carro", "Carro.csproj", "{1DC0A075-E15D-408B-8E97-ED185D4C48EE}"
EndProject
Global
	GlobalSection(SolutionConfigurationPlatforms) = preSolution
		Debug|Any CPU = Debug|Any CPU
		Release|Any CPU = Release|Any CPU
	EndGlobalSection
	GlobalSection(ProjectConfigurationPlatforms) = postSolution
		{1DC0A075-E15D-408B-8E97-ED185D4C48EE}.Debug|Any CPU.ActiveCfg = Debug|Any CPU
		{1DC0A075-E15D-408B-8E97-ED185D4C48EE}.Debug|Any CPU.Build.0 = Debug|Any CPU
		{1DC0A075-E15D-408B-8E97-ED185D4C48EE}.Release|Any CPU.ActiveCfg = Release|Any CPU
		{1DC0A075-E15D-408B-8E97-ED185D4C48EE}.Release|Any CPU.Build.0 = Release|Any CPU
	EndGlobalSection
	GlobalSection(SolutionProperties) = preSolution
		HideSolutionNode = FALSE
	EndGlobalSection
	GlobalSection(ExtensibilityGlobals) = postSolution
		SolutionGuid = {E3F5592E-59BD-4139-B525-833E911E070A}
	EndGlobalSection
EndGlobal
