
Microsoft Visual Studio Solution File, Format Version 12.00
# Visual Studio Version 16
VisualStudioVersion = 16.0.31205.134
MinimumVisualStudioVersion = 10.0.40219.1
Project("{FAE04EC0-301F-11D3-BF4B-00C04F79EFBC}") = "baseD", "baseD.csproj", "{27EC4BED-39A9-4DCC-93D2-5AB355319535}"
EndProject
Global
	GlobalSection(SolutionConfigurationPlatforms) = preSolution
		Debug|Any CPU = Debug|Any CPU
		Release|Any CPU = Release|Any CPU
	EndGlobalSection
	GlobalSection(ProjectConfigurationPlatforms) = postSolution
		{27EC4BED-39A9-4DCC-93D2-5AB355319535}.Debug|Any CPU.ActiveCfg = Debug|Any CPU
		{27EC4BED-39A9-4DCC-93D2-5AB355319535}.Debug|Any CPU.Build.0 = Debug|Any CPU
		{27EC4BED-39A9-4DCC-93D2-5AB355319535}.Release|Any CPU.ActiveCfg = Release|Any CPU
		{27EC4BED-39A9-4DCC-93D2-5AB355319535}.Release|Any CPU.Build.0 = Release|Any CPU
	EndGlobalSection
	GlobalSection(SolutionProperties) = preSolution
		HideSolutionNode = FALSE
	EndGlobalSection
	GlobalSection(ExtensibilityGlobals) = postSolution
		SolutionGuid = {B8A1EAE8-0700-437A-9B6F-445DE6476FB4}
	EndGlobalSection
EndGlobal
