
Microsoft Visual Studio Solution File, Format Version 12.00
# Visual Studio Version 16
VisualStudioVersion = 16.0.31019.35
MinimumVisualStudioVersion = 10.0.40219.1
Project("{FAE04EC0-301F-11D3-BF4B-00C04F79EFBC}") = "factorial", "factorial.csproj", "{A94A8A6B-2851-4F70-8010-67C9A7A57797}"
EndProject
Global
	GlobalSection(SolutionConfigurationPlatforms) = preSolution
		Debug|Any CPU = Debug|Any CPU
		Release|Any CPU = Release|Any CPU
	EndGlobalSection
	GlobalSection(ProjectConfigurationPlatforms) = postSolution
		{A94A8A6B-2851-4F70-8010-67C9A7A57797}.Debug|Any CPU.ActiveCfg = Debug|Any CPU
		{A94A8A6B-2851-4F70-8010-67C9A7A57797}.Debug|Any CPU.Build.0 = Debug|Any CPU
		{A94A8A6B-2851-4F70-8010-67C9A7A57797}.Release|Any CPU.ActiveCfg = Release|Any CPU
		{A94A8A6B-2851-4F70-8010-67C9A7A57797}.Release|Any CPU.Build.0 = Release|Any CPU
	EndGlobalSection
	GlobalSection(SolutionProperties) = preSolution
		HideSolutionNode = FALSE
	EndGlobalSection
	GlobalSection(ExtensibilityGlobals) = postSolution
		SolutionGuid = {F10AC499-C4FB-4F8E-A9FC-617C16B19494}
	EndGlobalSection
EndGlobal
